
Microsoft Visual Studio Solution File, Format Version 12.00
# Visual Studio Version 17
VisualStudioVersion = 17.14.37614.0
MinimumVisualStudioVersion = 10.0.40219.1
Project("{FAE04EC0-301F-11D3-BF4B-00C04F79EFBC}") = "ArriendosApi", "ArriendosApi\ArriendosApi.csproj", "{D0A5FAE1-49A2-418B-BB04-4B4D793C9A5C}"
EndProject
Project("{2150E333-8FDC-42A3-9474-1A3956D46DE8}") = "Elementos de la solución", "Elementos de la solución", "{D107F4C8-89CC-BEA8-D3D7-CA6B7733353D}"
EndProject
Global
	GlobalSection(SolutionConfigurationPlatforms) = preSolution
		Debug|Any CPU = Debug|Any CPU
		Release|Any CPU = Release|Any CPU
	EndGlobalSection
	GlobalSection(ProjectConfigurationPlatforms) = postSolution
		{D0A5FAE1-49A2-418B-BB04-4B4D793C9A5C}.Debug|Any CPU.ActiveCfg = Debug|Any CPU
		{D0A5FAE1-49A2-418B-BB04-4B4D793C9A5C}.Debug|Any CPU.Build.0 = Debug|Any CPU
		{D0A5FAE1-49A2-418B-BB04-4B4D793C9A5C}.Release|Any CPU.ActiveCfg = Release|Any CPU
		{D0A5FAE1-49A2-418B-BB04-4B4D793C9A5C}.Release|Any CPU.Build.0 = Release|Any CPU
	EndGlobalSection
	GlobalSection(SolutionProperties) = preSolution
		HideSolutionNode = FALSE
	EndGlobalSection
	GlobalSection(ExtensibilityGlobals) = postSolution
		SolutionGuid = {8DCE04C2-97B0-4442-8F67-B2903B6962DB}
	EndGlobalSection
EndGlobal
